
Microsoft Visual Studio Solution File, Format Version 12.00
# Visual Studio 15
VisualStudioVersion = 15.0.27428.2011
MinimumVisualStudioVersion = 10.0.40219.1
Project("{FAE04EC0-301F-11D3-BF4B-00C04F79EFBC}") = "BinanceAPI", "BinanceAPI\BinanceAPI.csproj", "{569C0A7E-610A-4E74-BC93-CC3BC8D2998E}"
EndProject
Project("{FAE04EC0-301F-11D3-BF4B-00C04F79EFBC}") = "TestApplication", "TestApplication\TestApplication.csproj", "{F43D4D12-0487-47BE-AABF-AB91B630232D}"
EndProject
Global
	GlobalSection(SolutionConfigurationPlatforms) = preSolution
		Debug|Any CPU = Debug|Any CPU
		Release|Any CPU = Release|Any CPU
	EndGlobalSection
	GlobalSection(ProjectConfigurationPlatforms) = postSolution
		{569C0A7E-610A-4E74-BC93-CC3BC8D2998E}.Debug|Any CPU.ActiveCfg = Debug|Any CPU
		{569C0A7E-610A-4E74-BC93-CC3BC8D2998E}.Debug|Any CPU.Build.0 = Debug|Any CPU
		{569C0A7E-610A-4E74-BC93-CC3BC8D2998E}.Release|Any CPU.ActiveCfg = Release|Any CPU
		{569C0A7E-610A-4E74-BC93-CC3BC8D2998E}.Release|Any CPU.Build.0 = Release|Any CPU
		{F43D4D12-0487-47BE-AABF-AB91B630232D}.Debug|Any CPU.ActiveCfg = Debug|Any CPU
		{F43D4D12-0487-47BE-AABF-AB91B630232D}.Debug|Any CPU.Build.0 = Debug|Any CPU
		{F43D4D12-0487-47BE-AABF-AB91B630232D}.Release|Any CPU.ActiveCfg = Release|Any CPU
		{F43D4D12-0487-47BE-AABF-AB91B630232D}.Release|Any CPU.Build.0 = Release|Any CPU
	EndGlobalSection
	GlobalSection(SolutionProperties) = preSolution
		HideSolutionNode = FALSE
	EndGlobalSection
	GlobalSection(ExtensibilityGlobals) = postSolution
		SolutionGuid = {58D687FF-1EB3-4E03-8354-F295922769F3}
	EndGlobalSection
EndGlobal
